// !$*UTF8*$!
{
	archiveVersion = 1;
	classes = {
	};
	objectVersion = 77;
	objects = {

/* Begin PBXContainerItemProxy section */
		007230402CF7816D00D474F6 /* PBXContainerItemProxy */ = {
			isa = PBXContainerItemProxy;
			containerPortal = 007230212CF7816A00D474F6 /* Project object */;
			proxyType = 1;
			remoteGlobalIDString = 007230282CF7816A00D474F6;
			remoteInfo = MVC_tableViewStroryboard;
		};
		0072304A2CF7816D00D474F6 /* PBXContainerItemProxy */ = {
			isa = PBXContainerItemProxy;
			containerPortal = 007230212CF7816A00D474F6 /* Project object */;
			proxyType = 1;
			remoteGlobalIDString = 007230282CF7816A00D474F6;
			remoteInfo = MVC_tableViewStroryboard;
		};
/* End PBXContainerItemProxy section */

/* Begin PBXFileReference section */
		007230292CF7816A00D474F6 /* MVC_tableViewStroryboard.app */ = {isa = PBXFileReference; explicitFileType = wrapper.application; includeInIndex = 0; path = MVC_tableViewStroryboard.app; sourceTree = BUILT_PRODUCTS_DIR; };
		0072303F2CF7816D00D474F6 /* MVC_tableViewStroryboardTests.xctest */ = {isa = PBXFileReference; explicitFileType = wrapper.cfbundle; includeInIndex = 0; path = MVC_tableViewStroryboardTests.xctest; sourceTree = BUILT_PRODUCTS_DIR; };
		007230492CF7816D00D474F6 /* MVC_tableViewStroryboardUITests.xctest */ = {isa = PBXFileReference; explicitFileType = wrapper.cfbundle; includeInIndex = 0; path = MVC_tableViewStroryboardUITests.xctest; sourceTree = BUILT_PRODUCTS_DIR; };
/* End PBXFileReference section */

/* Begin PBXFileSystemSynchronizedBuildFileExceptionSet section */
		007230512CF7816D00D474F6 /* Exceptions for "MVC_tableViewStroryboard" folder in "MVC_tableViewStroryboard" target */ = {
			isa = PBXFileSystemSynchronizedBuildFileExceptionSet;
			membershipExceptions = (
				Info.plist,
			);
			target = 007230282CF7816A00D474F6 /* MVC_tableViewStroryboard */;
		};
/* End PBXFileSystemSynchronizedBuildFileExceptionSet section */

/* Begin PBXFileSystemSynchronizedRootGroup section */
		0072302B2CF7816A00D474F6 /* MVC_tableViewStroryboard */ = {
			isa = PBXFileSystemSynchronizedRootGroup;
			exceptions = (
				007230512CF7816D00D474F6 /* Exceptions for "MVC_tableViewStroryboard" folder in "MVC_tableViewStroryboard" target */,
			);
			path = MVC_tableViewStroryboard;
			sourceTree = "<group>";
		};
		007230422CF7816D00D474F6 /* MVC_tableViewStroryboardTests */ = {
			isa = PBXFileSystemSynchronizedRootGroup;
			path = MVC_tableViewStroryboardTests;
			sourceTree = "<group>";
		};
		0072304C2CF7816D00D474F6 /* MVC_tableViewStroryboardUITests */ = {
			isa = PBXFileSystemSynchronizedRootGroup;
			path = MVC_tableViewStroryboardUITests;
			sourceTree = "<group>";
		};
		007230652CF784FC00D474F6 /* Controller */ = {
			isa = PBXFileSystemSynchronizedRootGroup;
			path = Controller;
			sourceTree = "<group>";
		};
		0072306F2CF789DE00D474F6 /* View */ = {
			isa = PBXFileSystemSynchronizedRootGroup;
			path = View;
			sourceTree = "<group>";
		};
/* End PBXFileSystemSynchronizedRootGroup section */

/* Begin PBXFrameworksBuildPhase section */
		007230262CF7816A00D474F6 /* Frameworks */ = {
			isa = PBXFrameworksBuildPhase;
			buildActionMask = 2147483647;
			files = (
			);
			runOnlyForDeploymentPostprocessing = 0;
		};
		0072303C2CF7816D00D474F6 /* Frameworks */ = {
			isa = PBXFrameworksBuildPhase;
			buildActionMask = 2147483647;
			files = (
			);
			runOnlyForDeploymentPostprocessing = 0;
		};
		007230462CF7816D00D474F6 /* Frameworks */ = {
			isa = PBXFrameworksBuildPhase;
			buildActionMask = 2147483647;
			files = (
			);
			runOnlyForDeploymentPostprocessing = 0;
		};
/* End PBXFrameworksBuildPhase section */

/* Begin PBXGroup section */
		007230202CF7816A00D474F6 = {
			isa = PBXGroup;
			children = (
				0072302B2CF7816A00D474F6 /* MVC_tableViewStroryboard */,
				007230652CF784FC00D474F6 /* Controller */,
				0072306F2CF789DE00D474F6 /* View */,
				007230422CF7816D00D474F6 /* MVC_tableViewStroryboardTests */,
				0072304C2CF7816D00D474F6 /* MVC_tableViewStroryboardUITests */,
				0072302A2CF7816A00D474F6 /* Products */,
			);
			sourceTree = "<group>";
		};
		0072302A2CF7816A00D474F6 /* Products */ = {
			isa = PBXGroup;
			children = (
				007230292CF7816A00D474F6 /* MVC_tableViewStroryboard.app */,
				0072303F2CF7816D00D474F6 /* MVC_tableViewStroryboardTests.xctest */,
				007230492CF7816D00D474F6 /* MVC_tableViewStroryboardUITests.xctest */,
			);
			name = Products;
			sourceTree = "<group>";
		};
/* End PBXGroup section */

/* Begin PBXNativeTarget section */
		007230282CF7816A00D474F6 /* MVC_tableViewStroryboard */ = {
			isa = PBXNativeTarget;
			buildConfigurationList = 007230522CF7816D00D474F6 /* Build configuration list for PBXNativeTarget "MVC_tableViewStroryboard" */;
			buildPhases = (
				007230252CF7816A00D474F6 /* Sources */,
				007230262CF7816A00D474F6 /* Frameworks */,
				007230272CF7816A00D474F6 /* Resources */,
			);
			buildRules = (
			);
			dependencies = (
			);
			fileSystemSynchronizedGroups = (
				0072302B2CF7816A00D474F6 /* MVC_tableViewStroryboard */,
				007230652CF784FC00D474F6 /* Controller */,
				0072306F2CF789DE00D474F6 /* View */,
			);
			name = MVC_tableViewStroryboard;
			packageProductDependencies = (
			);
			productName = MVC_tableViewStroryboard;
			productReference = 007230292CF7816A00D474F6 /* MVC_tableViewStroryboard.app */;
			productType = "com.apple.product-type.application";
		};
		0072303E2CF7816D00D474F6 /* MVC_tableViewStroryboardTests */ = {
			isa = PBXNativeTarget;
			buildConfigurationList = 007230572CF7816D00D474F6 /* Build configuration list for PBXNativeTarget "MVC_tableViewStroryboardTests" */;
			buildPhases = (
				0072303B2CF7816D00D474F6 /* Sources */,
				0072303C2CF7816D00D474F6 /* Frameworks */,
				0072303D2CF7816D00D474F6 /* Resources */,
			);
			buildRules = (
			);
			dependencies = (
				007230412CF7816D00D474F6 /* PBXTargetDependency */,
			);
			fileSystemSynchronizedGroups = (
				007230422CF7816D00D474F6 /* MVC_tableViewStroryboardTests */,
			);
			name = MVC_tableViewStroryboardTests;
			packageProductDependencies = (
			);
			productName = MVC_tableViewStroryboardTests;
			productReference = 0072303F2CF7816D00D474F6 /* MVC_tableViewStroryboardTests.xctest */;
			productType = "com.apple.product-type.bundle.unit-test";
		};
		007230482CF7816D00D474F6 /* MVC_tableViewStroryboardUITests */ = {
			isa = PBXNativeTarget;
			buildConfigurationList = 0072305A2CF7816D00D474F6 /* Build configuration list for PBXNativeTarget "MVC_tableViewStroryboardUITests" */;
			buildPhases = (
				007230452CF7816D00D474F6 /* Sources */,
				007230462CF7816D00D474F6 /* Frameworks */,
				007230472CF7816D00D474F6 /* Resources */,
			);
			buildRules = (
			);
			dependencies = (
				0072304B2CF7816D00D474F6 /* PBXTargetDependency */,
			);
			fileSystemSynchronizedGroups = (
				0072304C2CF7816D00D474F6 /* MVC_tableViewStroryboardUITests */,
			);
			name = MVC_tableViewStroryboardUITests;
			packageProductDependencies = (
			);
			productName = MVC_tableViewStroryboardUITests;
			productReference = 007230492CF7816D00D474F6 /* MVC_tableViewStroryboardUITests.xctest */;
			productType = "com.apple.product-type.bundle.ui-testing";
		};
/* End PBXNativeTarget section */

/* Begin PBXProject section */
		007230212CF7816A00D474F6 /* Project object */ = {
			isa = PBXProject;
			attributes = {
				BuildIndependentTargetsInParallel = 1;
				LastSwiftUpdateCheck = 1600;
				LastUpgradeCheck = 1600;
				TargetAttributes = {
					007230282CF7816A00D474F6 = {
						CreatedOnToolsVersion = 16.0;
					};
					0072303E2CF7816D00D474F6 = {
						CreatedOnToolsVersion = 16.0;
						TestTargetID = 007230282CF7816A00D474F6;
					};
					007230482CF7816D00D474F6 = {
						CreatedOnToolsVersion = 16.0;
						TestTargetID = 007230282CF7816A00D474F6;
					};
				};
			};
			buildConfigurationList = 007230242CF7816A00D474F6 /* Build configuration list for PBXProject "MVC_tableViewStroryboard" */;
			developmentRegion = en;
			hasScannedForEncodings = 0;
			knownRegions = (
				en,
				Base,
			);
			mainGroup = 007230202CF7816A00D474F6;
			minimizedProjectReferenceProxies = 1;
			preferredProjectObjectVersion = 77;
			productRefGroup = 0072302A2CF7816A00D474F6 /* Products */;
			projectDirPath = "";
			projectRoot = "";
			targets = (
				007230282CF7816A00D474F6 /* MVC_tableViewStroryboard */,
				0072303E2CF7816D00D474F6 /* MVC_tableViewStroryboardTests */,
				007230482CF7816D00D474F6 /* MVC_tableViewStroryboardUITests */,
			);
		};
/* End PBXProject section */

/* Begin PBXResourcesBuildPhase section */
		007230272CF7816A00D474F6 /* Resources */ = {
			isa = PBXResourcesBuildPhase;
			buildActionMask = 2147483647;
			files = (
			);
			runOnlyForDeploymentPostprocessing = 0;
		};
		0072303D2CF7816D00D474F6 /* Resources */ = {
			isa = PBXResourcesBuildPhase;
			buildActionMask = 2147483647;
			files = (
			);
			runOnlyForDeploymentPostprocessing = 0;
		};
		007230472CF7816D00D474F6 /* Resources */ = {
			isa = PBXResourcesBuildPhase;
			buildActionMask = 2147483647;
			files = (
			);
			runOnlyForDeploymentPostprocessing = 0;
		};
/* End PBXResourcesBuildPhase section */

/* Begin PBXSourcesBuildPhase section */
		007230252CF7816A00D474F6 /* Sources */ = {
			isa = PBXSourcesBuildPhase;
			buildActionMask = 2147483647;
			files = (
			);
			runOnlyForDeploymentPostprocessing = 0;
		};
		0072303B2CF7816D00D474F6 /* Sources */ = {
			isa = PBXSourcesBuildPhase;
			buildActionMask = 2147483647;
			files = (
			);
			runOnlyForDeploymentPostprocessing = 0;
		};
		007230452CF7816D00D474F6 /* Sources */ = {
			isa = PBXSourcesBuildPhase;
			buildActionMask = 2147483647;
			files = (
			);
			runOnlyForDeploymentPostprocessing = 0;
		};
/* End PBXSourcesBuildPhase section */

/* Begin PBXTargetDependency section */
		007230412CF7816D00D474F6 /* PBXTargetDependency */ = {
			isa = PBXTargetDependency;
			target = 007230282CF7816A00D474F6 /* MVC_tableViewStroryboard */;
			targetProxy = 007230402CF7816D00D474F6 /* PBXContainerItemProxy */;
		};
		0072304B2CF7816D00D474F6 /* PBXTargetDependency */ = {
			isa = PBXTargetDependency;
			target = 007230282CF7816A00D474F6 /* MVC_tableViewStroryboard */;
			targetProxy = 0072304A2CF7816D00D474F6 /* PBXContainerItemProxy */;
		};
/* End PBXTargetDependency section */

/* Begin XCBuildConfiguration section */
		007230532CF7816D00D474F6 /* Debug */ = {
			isa = XCBuildConfiguration;
			buildSettings = {
				ASSETCATALOG_COMPILER_APPICON_NAME = AppIcon;
				ASSETCATALOG_COMPILER_GLOBAL_ACCENT_COLOR_NAME = AccentColor;
				CODE_SIGN_STYLE = Automatic;
				CURRENT_PROJECT_VERSION = 1;
				DEVELOPMENT_TEAM = AZ7377FV92;
				GENERATE_INFOPLIST_FILE = YES;
				INFOPLIST_FILE = MVC_tableViewStroryboard/Info.plist;
				INFOPLIST_KEY_UIApplicationSupportsIndirectInputEvents = YES;
				INFOPLIST_KEY_UILaunchStoryboardName = LaunchScreen;
				INFOPLIST_KEY_UIMainStoryboardFile = Main;
				INFOPLIST_KEY_UISupportedInterfaceOrientations_iPad = "UIInterfaceOrientationPortrait UIInterfaceOrientationPortraitUpsideDown UIInterfaceOrientationLandscapeLeft UIInterfaceOrientationLandscapeRight";
				INFOPLIST_KEY_UISupportedInterfaceOrientations_iPhone = "UIInterfaceOrientationPortrait UIInterfaceOrientationLandscapeLeft UIInterfaceOrientationLandscapeRight";
				LD_RUNPATH_SEARCH_PATHS = (
					"$(inherited)",
					"@executable_path/Frameworks",
				);
				MARKETING_VERSION = 1.0;
				PRODUCT_BUNDLE_IDENTIFIER = "com.dharmamithra.MVC-tableViewStroryboard";
				PRODUCT_NAME = "$(TARGET_NAME)";
				SWIFT_EMIT_LOC_STRINGS = YES;
				SWIFT_VERSION = 5.0;
				TARGETED_DEVICE_FAMILY = "1,2";
			};
			name = Debug;
		};
		007230542CF7816D00D474F6 /* Release */ = {
			isa = XCBuildConfiguration;
			buildSettings = {
				ASSETCATALOG_COMPILER_APPICON_NAME = AppIcon;
				ASSETCATALOG_COMPILER_GLOBAL_ACCENT_COLOR_NAME = AccentColor;
				CODE_SIGN_STYLE = Automatic;
				CURRENT_PROJECT_VERSION = 1;
				DEVELOPMENT_TEAM = AZ7377FV92;
				GENERATE_INFOPLIST_FILE = YES;
				INFOPLIST_FILE = MVC_tableViewStroryboard/Info.plist;
				INFOPLIST_KEY_UIApplicationSupportsIndirectInputEvents = YES;
				INFOPLIST_KEY_UILaunchStoryboardName = LaunchScreen;
				INFOPLIST_KEY_UIMainStoryboardFile = Main;
				INFOPLIST_KEY_UISupportedInterfaceOrientations_iPad = "UIInterfaceOrientationPortrait UIInterfaceOrientationPortraitUpsideDown UIInterfaceOrientationLandscapeLeft UIInterfaceOrientationLandscapeRight";
				INFOPLIST_KEY_UISupportedInterfaceOrientations_iPhone = "UIInterfaceOrientationPortrait UIInterfaceOrientationLandscapeLeft UIInterfaceOrientationLandscapeRight";
				LD_RUNPATH_SEARCH_PATHS = (
					"$(inherited)",
					"@executable_path/Frameworks",
				);
				MARKETING_VERSION = 1.0;
				PRODUCT_BUNDLE_IDENTIFIER = "com.dharmamithra.MVC-tableViewStroryboard";
				PRODUCT_NAME = "$(TARGET_NAME)";
				SWIFT_EMIT_LOC_STRINGS = YES;
				SWIFT_VERSION = 5.0;
				TARGETED_DEVICE_FAMILY = "1,2";
			};
			name = Release;
		};
		007230552CF7816D00D474F6 /* Debug */ = {
			isa = XCBuildConfiguration;
			buildSettings = {
				ALWAYS_SEARCH_USER_PATHS = NO;
				ASSETCATALOG_COMPILER_GENERATE_SWIFT_ASSET_SYMBOL_EXTENSIONS = YES;
				CLANG_ANALYZER_NONNULL = YES;
				CLANG_ANALYZER_NUMBER_OBJECT_CONVERSION = YES_AGGRESSIVE;
				CLANG_CXX_LANGUAGE_STANDARD = "gnu++20";
				CLANG_ENABLE_MODULES = YES;
				CLANG_ENABLE_OBJC_ARC = YES;
				CLANG_ENABLE_OBJC_WEAK = YES;
				CLANG_WARN_BLOCK_CAPTURE_AUTORELEASING = YES;
				CLANG_WARN_BOOL_CONVERSION = YES;
				CLANG_WARN_COMMA = YES;
				CLANG_WARN_CONSTANT_CONVERSION = YES;
				CLANG_WARN_DEPRECATED_OBJC_IMPLEMENTATIONS = YES;
				CLANG_WARN_DIRECT_OBJC_ISA_USAGE = YES_ERROR;
				CLANG_WARN_DOCUMENTATION_COMMENTS = YES;
				CLANG_WARN_EMPTY_BODY = YES;
				CLANG_WARN_ENUM_CONVERSION = YES;
				CLANG_WARN_INFINITE_RECURSION = YES;
				CLANG_WARN_INT_CONVERSION = YES;
				CLANG_WARN_NON_LITERAL_NULL_CONVERSION = YES;
				CLANG_WARN_OBJC_IMPLICIT_RETAIN_SELF = YES;
				CLANG_WARN_OBJC_LITERAL_CONVERSION = YES;
				CLANG_WARN_OBJC_ROOT_CLASS = YES_ERROR;
				CLANG_WARN_QUOTED_INCLUDE_IN_FRAMEWORK_HEADER = YES;
				CLANG_WARN_RANGE_LOOP_ANALYSIS = YES;
				CLANG_WARN_STRICT_PROTOTYPES = YES;
				CLANG_WARN_SUSPICIOUS_MOVE = YES;
				CLANG_WARN_UNGUARDED_AVAILABILITY = YES_AGGRESSIVE;
				CLANG_WARN_UNREACHABLE_CODE = YES;
				CLANG_WARN__DUPLICATE_METHOD_MATCH = YES;
				COPY_PHASE_STRIP = NO;
				DEBUG_INFORMATION_FORMAT = dwarf;
				ENABLE_STRICT_OBJC_MSGSEND = YES;
				ENABLE_TESTABILITY = YES;
				ENABLE_USER_SCRIPT_SANDBOXING = YES;
				GCC_C_LANGUAGE_STANDARD = gnu17;
				GCC_DYNAMIC_NO_PIC = NO;
				GCC_NO_COMMON_BLOCKS = YES;
				GCC_OPTIMIZATION_LEVEL = 0;
				GCC_PREPROCESSOR_DEFINITIONS = (
					"DEBUG=1",
					"$(inherited)",
				);
				GCC_WARN_64_TO_32_BIT_CONVERSION = YES;
				GCC_WARN_ABOUT_RETURN_TYPE = YES_ERROR;
				GCC_WARN_UNDECLARED_SELECTOR = YES;
				GCC_WARN_UNINITIALIZED_AUTOS = YES_AGGRESSIVE;
				GCC_WARN_UNUSED_FUNCTION = YES;
				GCC_WARN_UNUSED_VARIABLE = YES;
				IPHONEOS_DEPLOYMENT_TARGET = 18.0;
				LOCALIZATION_PREFERS_STRING_CATALOGS = YES;
				MTL_ENABLE_DEBUG_INFO = INCLUDE_SOURCE;
				MTL_FAST_MATH = YES;
				ONLY_ACTIVE_ARCH = YES;
				SDKROOT = iphoneos;
				SWIFT_ACTIVE_COMPILATION_CONDITIONS = "DEBUG $(inherited)";
				SWIFT_OPTIMIZATION_LEVEL = "-Onone";
			};
			name = Debug;
		};
		007230562CF7816D00D474F6 /* Release */ = {
			isa = XCBuildConfiguration;
			buildSettings = {
				ALWAYS_SEARCH_USER_PATHS = NO;
				ASSETCATALOG_COMPILER_GENERATE_SWIFT_ASSET_SYMBOL_EXTENSIONS = YES;
				CLANG_ANALYZER_NONNULL = YES;
				CLANG_ANALYZER_NUMBER_OBJECT_CONVERSION = YES_AGGRESSIVE;
				CLANG_CXX_LANGUAGE_STANDARD = "gnu++20";
				CLANG_ENABLE_MODULES = YES;
				CLANG_ENABLE_OBJC_ARC = YES;
				CLANG_ENABLE_OBJC_WEAK = YES;
				CLANG_WARN_BLOCK_CAPTURE_AUTORELEASING = YES;
				CLANG_WARN_BOOL_CONVERSION = YES;
				CLANG_WARN_COMMA = YES;
				CLANG_WARN_CONSTANT_CONVERSION = YES;
				CLANG_WARN_DEPRECATED_OBJC_IMPLEMENTATIONS = YES;
				CLANG_WARN_DIRECT_OBJC_ISA_USAGE = YES_ERROR;
				CLANG_WARN_DOCUMENTATION_COMMENTS = YES;
				CLANG_WARN_EMPTY_BODY = YES;
				CLANG_WARN_ENUM_CONVERSION = YES;
				CLANG_WARN_INFINITE_RECURSION = YES;
				CLANG_WARN_INT_CONVERSION = YES;
				CLANG_WARN_NON_LITERAL_NULL_CONVERSION = YES;
				CLANG_WARN_OBJC_IMPLICIT_RETAIN_SELF = YES;
				CLANG_WARN_OBJC_LITERAL_CONVERSION = YES;
				CLANG_WARN_OBJC_ROOT_CLASS = YES_ERROR;
				CLANG_WARN_QUOTED_INCLUDE_IN_FRAMEWORK_HEADER = YES;
				CLANG_WARN_RANGE_LOOP_ANALYSIS = YES;
				CLANG_WARN_STRICT_PROTOTYPES = YES;
				CLANG_WARN_SUSPICIOUS_MOVE = YES;
				CLANG_WARN_UNGUARDED_AVAILABILITY = YES_AGGRESSIVE;
				CLANG_WARN_UNREACHABLE_CODE = YES;
				CLANG_WARN__DUPLICATE_METHOD_MATCH = YES;
				COPY_PHASE_STRIP = NO;
				DEBUG_INFORMATION_FORMAT = "dwarf-with-dsym";
				ENABLE_NS_ASSERTIONS = NO;
				ENABLE_STRICT_OBJC_MSGSEND = YES;
				ENABLE_USER_SCRIPT_SANDBOXING = YES;
				GCC_C_LANGUAGE_STANDARD = gnu17;
				GCC_NO_COMMON_BLOCKS = YES;
				GCC_WARN_64_TO_32_BIT_CONVERSION = YES;
				GCC_WARN_ABOUT_RETURN_TYPE = YES_ERROR;
				GCC_WARN_UNDECLARED_SELECTOR = YES;
				GCC_WARN_UNINITIALIZED_AUTOS = YES_AGGRESSIVE;
				GCC_WARN_UNUSED_FUNCTION = YES;
				GCC_WARN_UNUSED_VARIABLE = YES;
				IPHONEOS_DEPLOYMENT_TARGET = 18.0;
				LOCALIZATION_PREFERS_STRING_CATALOGS = YES;
				MTL_ENABLE_DEBUG_INFO = NO;
				MTL_FAST_MATH = YES;
				SDKROOT = iphoneos;
				SWIFT_COMPILATION_MODE = wholemodule;
				VALIDATE_PRODUCT = YES;
			};
			name = Release;
		};
		007230582CF7816D00D474F6 /* Debug */ = {
			isa = XCBuildConfiguration;
			buildSettings = {
				BUNDLE_LOADER = "$(TEST_HOST)";
				CODE_SIGN_STYLE = Automatic;
				CURRENT_PROJECT_VERSION = 1;
				DEVELOPMENT_TEAM = AZ7377FV92;
				GENERATE_INFOPLIST_FILE = YES;
				IPHONEOS_DEPLOYMENT_TARGET = 18.0;
				MARKETING_VERSION = 1.0;
				PRODUCT_BUNDLE_IDENTIFIER = "com.dharmamithra.MVC-tableViewStroryboardTests";
				PRODUCT_NAME = "$(TARGET_NAME)";
				SWIFT_EMIT_LOC_STRINGS = NO;
				SWIFT_VERSION = 5.0;
				TARGETED_DEVICE_FAMILY = "1,2";
				TEST_HOST = "$(BUILT_PRODUCTS_DIR)/MVC_tableViewStroryboard.app/$(BUNDLE_EXECUTABLE_FOLDER_PATH)/MVC_tableViewStroryboard";
			};
			name = Debug;
		};
		007230592CF7816D00D474F6 /* Release */ = {
			isa = XCBuildConfiguration;
			buildSettings = {
				BUNDLE_LOADER = "$(TEST_HOST)";
				CODE_SIGN_STYLE = Automatic;
				CURRENT_PROJECT_VERSION = 1;
				DEVELOPMENT_TEAM = AZ7377FV92;
				GENERATE_INFOPLIST_FILE = YES;
				IPHONEOS_DEPLOYMENT_TARGET = 18.0;
				MARKETING_VERSION = 1.0;
				PRODUCT_BUNDLE_IDENTIFIER = "com.dharmamithra.MVC-tableViewStroryboardTests";
				PRODUCT_NAME = "$(TARGET_NAME)";
				SWIFT_EMIT_LOC_STRINGS = NO;
				SWIFT_VERSION = 5.0;
				TARGETED_DEVICE_FAMILY = "1,2";
				TEST_HOST = "$(BUILT_PRODUCTS_DIR)/MVC_tableViewStroryboard.app/$(BUNDLE_EXECUTABLE_FOLDER_PATH)/MVC_tableViewStroryboard";
			};
			name = Release;
		};
		0072305B2CF7816D00D474F6 /* Debug */ = {
			isa = XCBuildConfiguration;
			buildSettings = {
				CODE_SIGN_STYLE = Automatic;
				CURRENT_PROJECT_VERSION = 1;
				DEVELOPMENT_TEAM = AZ7377FV92;
				GENERATE_INFOPLIST_FILE = YES;
				MARKETING_VERSION = 1.0;
				PRODUCT_BUNDLE_IDENTIFIER = "com.dharmamithra.MVC-tableViewStroryboardUITests";
				PRODUCT_NAME = "$(TARGET_NAME)";
				SWIFT_EMIT_LOC_STRINGS = NO;
				SWIFT_VERSION = 5.0;
				TARGETED_DEVICE_FAMILY = "1,2";
				TEST_TARGET_NAME = MVC_tableViewStroryboard;
			};
			name = Debug;
		};
		0072305C2CF7816D00D474F6 /* Release */ = {
			isa = XCBuildConfiguration;
			buildSettings = {
				CODE_SIGN_STYLE = Automatic;
				CURRENT_PROJECT_VERSION = 1;
				DEVELOPMENT_TEAM = AZ7377FV92;
				GENERATE_INFOPLIST_FILE = YES;
				MARKETING_VERSION = 1.0;
				PRODUCT_BUNDLE_IDENTIFIER = "com.dharmamithra.MVC-tableViewStroryboardUITests";
				PRODUCT_NAME = "$(TARGET_NAME)";
				SWIFT_EMIT_LOC_STRINGS = NO;
				SWIFT_VERSION = 5.0;
				TARGETED_DEVICE_FAMILY = "1,2";
				TEST_TARGET_NAME = MVC_tableViewStroryboard;
			};
			name = Release;
		};
/* End XCBuildConfiguration section */

/* Begin XCConfigurationList section */
		007230242CF7816A00D474F6 /* Build configuration list for PBXProject "MVC_tableViewStroryboard" */ = {
			isa = XCConfigurationList;
			buildConfigurations = (
				007230552CF7816D00D474F6 /* Debug */,
				007230562CF7816D00D474F6 /* Release */,
			);
			defaultConfigurationIsVisible = 0;
			defaultConfigurationName = Release;
		};
		007230522CF7816D00D474F6 /* Build configuration list for PBXNativeTarget "MVC_tableViewStroryboard" */ = {
			isa = XCConfigurationList;
			buildConfigurations = (
				007230532CF7816D00D474F6 /* Debug */,
				007230542CF7816D00D474F6 /* Release */,
			);
			defaultConfigurationIsVisible = 0;
			defaultConfigurationName = Release;
		};
		007230572CF7816D00D474F6 /* Build configuration list for PBXNativeTarget "MVC_tableViewStroryboardTests" */ = {
			isa = XCConfigurationList;
			buildConfigurations = (
				007230582CF7816D00D474F6 /* Debug */,
				007230592CF7816D00D474F6 /* Release */,
			);
			defaultConfigurationIsVisible = 0;
			defaultConfigurationName = Release;
		};
		0072305A2CF7816D00D474F6 /* Build configuration list for PBXNativeTarget "MVC_tableViewStroryboardUITests" */ = {
			isa = XCConfigurationList;
			buildConfigurations = (
				0072305B2CF7816D00D474F6 /* Debug */,
				0072305C2CF7816D00D474F6 /* Release */,
			);
			defaultConfigurationIsVisible = 0;
			defaultConfigurationName = Release;
		};
/* End XCConfigurationList section */
	};
	rootObject = 007230212CF7816A00D474F6 /* Project object */;
}
